# THIS IS AN AUTOGENERATED FILE. DO NOT EDIT THIS FILE DIRECTLY.
# yarn lockfile v1


"impac-angular@git+https://git@github.com/maestrano/impac-angular.git#staging":
  version "1.6.7"
  resolved "git+https://git@github.com/maestrano/impac-angular.git#a06c7c6bda6f0a3880fcff304ca5828b8f663e7f"

"mno-enterprise-angular@git+https://git@github.com/maestrano/mno-enterprise-angular.git#2.0":
  version "2.0.0-dev"
  resolved "git+https://git@github.com/maestrano/mno-enterprise-angular.git#5313abb888bf609ecf10dae938eee26693290653"

"mnoe-admin-panel@git+https://git@github.com/hedudelgado/mnoe-admin-panel.git#MNOE-146-display-teams":
  version "2.0.0-dev"
  resolved "git+https://git@github.com/hedudelgado/mnoe-admin-panel.git#399ce58367dcd37a907289b3a8793bbefd8c7908"
