# THIS IS AN AUTOGENERATED FILE. DO NOT EDIT THIS FILE DIRECTLY.
# yarn lockfile v1


"impac-angular@git+https://git@github.com/maestrano/impac-angular.git#1.6.x":
  version "1.6.8"
  resolved "git+https://git@github.com/maestrano/impac-angular.git#f4ba6b932e8efb096a3610fd589d053eff5b7fd8"

"mno-enterprise-angular@git+https://git@github.com/maestrano/mno-enterprise-angular.git#1.1":
  version "1.1.3"
  resolved "git+https://git@github.com/maestrano/mno-enterprise-angular.git#b194700d9bbc83469a4c3aab2d7a406664b3708b"

"mnoe-admin-panel@git+https://git@github.com/MAhsenArif/mnoe-admin-panel.git#invitations-rework":
  version "1.0.7"
  resolved "git+https://git@github.com/MAhsenArif/mnoe-admin-panel.git#ceda6def530a4b24c5507af63cf25993a22a50a4"
